
Microsoft Visual Studio Solution File, Format Version 12.00
# Visual Studio Version 17
VisualStudioVersion = 17.3.32804.467
MinimumVisualStudioVersion = 10.0.40219.1
Project("{9A19103F-16F7-4668-BE54-9A1E7A4F7556}") = "OnlineShop.CartService.BLL", "src\OnlineShop.CartService.BLL\OnlineShop.CartService.BLL.csproj", "{D1110029-CBF4-44C7-9941-39F69D43322F}"
EndProject
Project("{9A19103F-16F7-4668-BE54-9A1E7A4F7556}") = "OnlineShop.CartService.DAL", "src\OnlineShop.CartService.DAL\OnlineShop.CartService.DAL.csproj", "{FB23B5A5-9C11-4C6B-9D08-3161B8D00844}"
EndProject
Project("{9A19103F-16F7-4668-BE54-9A1E7A4F7556}") = "OnlineShop.CartService.BLL.Test", "test\UnitTests\OnlineShop.CartService.BLL.Test\OnlineShop.CartService.BLL.Test.csproj", "{81B87EBB-F0A0-4048-84AF-17A73677ADB1}"
EndProject
Project("{2150E333-8FDC-42A3-9474-1A3956D46DE8}") = "CartService", "CartService", "{74814F3E-7DEC-44CB-AE81-8A34A387206A}"
EndProject
Project("{2150E333-8FDC-42A3-9474-1A3956D46DE8}") = "CatalogService", "CatalogService", "{2B9A6A8B-6C27-4931-91F8-5F6F010D6E03}"
EndProject
Project("{9A19103F-16F7-4668-BE54-9A1E7A4F7556}") = "OnlineShop.CatalogService.Domain", "src\OnlineShop.CatalogService.Domain\OnlineShop.CatalogService.Domain.csproj", "{51C33D22-25AA-4C5E-B483-041F148ECAB6}"
EndProject
Project("{9A19103F-16F7-4668-BE54-9A1E7A4F7556}") = "OnlineShop.CatalogService.Infrastructure", "src\OnlineShop.CatalogService.Infrastructure\OnlineShop.CatalogService.Infrastructure.csproj", "{019A7242-EDED-4378-A83B-53E143121827}"
EndProject
Project("{9A19103F-16F7-4668-BE54-9A1E7A4F7556}") = "OnlineShop.CatalogService.Domain.Tests", "test\UnitTests\OnlineShop.CatalogService.Domain.Tests\OnlineShop.CatalogService.Domain.Tests.csproj", "{26E82F30-D0F2-4D39-8250-2F6113C107D4}"
EndProject
Project("{9A19103F-16F7-4668-BE54-9A1E7A4F7556}") = "OnlineShop.CatalogService.Api", "src\OnlineShop.CatalogService.Api\OnlineShop.CatalogService.Api.csproj", "{1FFA7E09-E165-4E01-957F-C81CDD9FA72B}"
EndProject
Project("{9A19103F-16F7-4668-BE54-9A1E7A4F7556}") = "OnlineShop.CartService.Api", "src\OnlineShop.CartService.Api\OnlineShop.CartService.Api.csproj", "{E82AA5CF-9B23-42DA-9439-DA5348CF52A8}"
EndProject
Project("{9A19103F-16F7-4668-BE54-9A1E7A4F7556}") = "OnlineShop.CatalogService.Api.Tests", "test\UnitTests\OnlineShop.CatalogService.Api.Tests\OnlineShop.CatalogService.Api.Tests.csproj", "{6449248B-2DDB-4014-8627-77C64446A054}"
EndProject
Project("{2150E333-8FDC-42A3-9474-1A3956D46DE8}") = "Messaging", "Messaging", "{3D428423-DA86-4714-9895-615F745972C5}"
EndProject
Project("{9A19103F-16F7-4668-BE54-9A1E7A4F7556}") = "OnlineShop.Messaging.Abstraction", "src\OnlineShop.Messaging.Abstraction\OnlineShop.Messaging.Abstraction.csproj", "{D5A85993-2463-49DC-BE50-F19EC3E52268}"
EndProject
Project("{9A19103F-16F7-4668-BE54-9A1E7A4F7556}") = "OnlineShop.Messaging.Service", "src\OnlineShop.Messaging.Service\OnlineShop.Messaging.Service.csproj", "{983C5DC9-A4D4-4936-8297-996FCE11E5E5}"
EndProject
Project("{9A19103F-16F7-4668-BE54-9A1E7A4F7556}") = "OnlineShop.Messaging.Service.Tests", "test\UnitTests\OnlineShop.Messaging.Service.Tests\OnlineShop.Messaging.Service.Tests.csproj", "{B2082A23-19BD-41D5-ACE0-430DA9F3E3AF}"
EndProject
Project("{2150E333-8FDC-42A3-9474-1A3956D46DE8}") = "Identity", "Identity", "{495FF2F1-64AD-40D3-B8F8-EBACBE97E20E}"
EndProject
Project("{9A19103F-16F7-4668-BE54-9A1E7A4F7556}") = "OnlineShop.Identity.Server", "src\OnlineShop.Identity.Server\OnlineShop.Identity.Server.csproj", "{D46F9619-86AD-48E7-96B0-61244E752620}"
EndProject
Project("{9A19103F-16F7-4668-BE54-9A1E7A4F7556}") = "OnlineShop.Identity.Core", "src\OnlineShop.Identity.Core\OnlineShop.Identity.Core.csproj", "{C704650D-E670-4620-A104-90332B556CE5}"
EndProject
Project("{2150E333-8FDC-42A3-9474-1A3956D46DE8}") = "Client", "Client", "{63576D9D-AB86-4F18-8A1A-09F2F8219B9E}"
EndProject
Project("{9A19103F-16F7-4668-BE54-9A1E7A4F7556}") = "OnlineShop.Client.CatalogWebApplication", "src\OnlineShop.Client.CatalogWebApplication\OnlineShop.Client.CatalogWebApplication.csproj", "{0B128940-99A5-4B55-B7F8-96E7CE55DDB8}"
EndProject
Global
	GlobalSection(SolutionConfigurationPlatforms) = preSolution
		Debug|Any CPU = Debug|Any CPU
		Release|Any CPU = Release|Any CPU
	EndGlobalSection
	GlobalSection(ProjectConfigurationPlatforms) = postSolution
		{D1110029-CBF4-44C7-9941-39F69D43322F}.Debug|Any CPU.ActiveCfg = Debug|Any CPU
		{D1110029-CBF4-44C7-9941-39F69D43322F}.Debug|Any CPU.Build.0 = Debug|Any CPU
		{D1110029-CBF4-44C7-9941-39F69D43322F}.Release|Any CPU.ActiveCfg = Release|Any CPU
		{D1110029-CBF4-44C7-9941-39F69D43322F}.Release|Any CPU.Build.0 = Release|Any CPU
		{FB23B5A5-9C11-4C6B-9D08-3161B8D00844}.Debug|Any CPU.ActiveCfg = Debug|Any CPU
		{FB23B5A5-9C11-4C6B-9D08-3161B8D00844}.Debug|Any CPU.Build.0 = Debug|Any CPU
		{FB23B5A5-9C11-4C6B-9D08-3161B8D00844}.Release|Any CPU.ActiveCfg = Release|Any CPU
		{FB23B5A5-9C11-4C6B-9D08-3161B8D00844}.Release|Any CPU.Build.0 = Release|Any CPU
		{81B87EBB-F0A0-4048-84AF-17A73677ADB1}.Debug|Any CPU.ActiveCfg = Debug|Any CPU
		{81B87EBB-F0A0-4048-84AF-17A73677ADB1}.Debug|Any CPU.Build.0 = Debug|Any CPU
		{81B87EBB-F0A0-4048-84AF-17A73677ADB1}.Release|Any CPU.ActiveCfg = Release|Any CPU
		{81B87EBB-F0A0-4048-84AF-17A73677ADB1}.Release|Any CPU.Build.0 = Release|Any CPU
		{51C33D22-25AA-4C5E-B483-041F148ECAB6}.Debug|Any CPU.ActiveCfg = Debug|Any CPU
		{51C33D22-25AA-4C5E-B483-041F148ECAB6}.Debug|Any CPU.Build.0 = Debug|Any CPU
		{51C33D22-25AA-4C5E-B483-041F148ECAB6}.Release|Any CPU.ActiveCfg = Release|Any CPU
		{51C33D22-25AA-4C5E-B483-041F148ECAB6}.Release|Any CPU.Build.0 = Release|Any CPU
		{019A7242-EDED-4378-A83B-53E143121827}.Debug|Any CPU.ActiveCfg = Debug|Any CPU
		{019A7242-EDED-4378-A83B-53E143121827}.Debug|Any CPU.Build.0 = Debug|Any CPU
		{019A7242-EDED-4378-A83B-53E143121827}.Release|Any CPU.ActiveCfg = Release|Any CPU
		{019A7242-EDED-4378-A83B-53E143121827}.Release|Any CPU.Build.0 = Release|Any CPU
		{26E82F30-D0F2-4D39-8250-2F6113C107D4}.Debug|Any CPU.ActiveCfg = Debug|Any CPU
		{26E82F30-D0F2-4D39-8250-2F6113C107D4}.Debug|Any CPU.Build.0 = Debug|Any CPU
		{26E82F30-D0F2-4D39-8250-2F6113C107D4}.Release|Any CPU.ActiveCfg = Release|Any CPU
		{26E82F30-D0F2-4D39-8250-2F6113C107D4}.Release|Any CPU.Build.0 = Release|Any CPU
		{1FFA7E09-E165-4E01-957F-C81CDD9FA72B}.Debug|Any CPU.ActiveCfg = Debug|Any CPU
		{1FFA7E09-E165-4E01-957F-C81CDD9FA72B}.Debug|Any CPU.Build.0 = Debug|Any CPU
		{1FFA7E09-E165-4E01-957F-C81CDD9FA72B}.Release|Any CPU.ActiveCfg = Release|Any CPU
		{1FFA7E09-E165-4E01-957F-C81CDD9FA72B}.Release|Any CPU.Build.0 = Release|Any CPU
		{E82AA5CF-9B23-42DA-9439-DA5348CF52A8}.Debug|Any CPU.ActiveCfg = Debug|Any CPU
		{E82AA5CF-9B23-42DA-9439-DA5348CF52A8}.Debug|Any CPU.Build.0 = Debug|Any CPU
		{E82AA5CF-9B23-42DA-9439-DA5348CF52A8}.Release|Any CPU.ActiveCfg = Release|Any CPU
		{E82AA5CF-9B23-42DA-9439-DA5348CF52A8}.Release|Any CPU.Build.0 = Release|Any CPU
		{6449248B-2DDB-4014-8627-77C64446A054}.Debug|Any CPU.ActiveCfg = Debug|Any CPU
		{6449248B-2DDB-4014-8627-77C64446A054}.Debug|Any CPU.Build.0 = Debug|Any CPU
		{6449248B-2DDB-4014-8627-77C64446A054}.Release|Any CPU.ActiveCfg = Release|Any CPU
		{6449248B-2DDB-4014-8627-77C64446A054}.Release|Any CPU.Build.0 = Release|Any CPU
		{D5A85993-2463-49DC-BE50-F19EC3E52268}.Debug|Any CPU.ActiveCfg = Debug|Any CPU
		{D5A85993-2463-49DC-BE50-F19EC3E52268}.Debug|Any CPU.Build.0 = Debug|Any CPU
		{D5A85993-2463-49DC-BE50-F19EC3E52268}.Release|Any CPU.ActiveCfg = Release|Any CPU
		{D5A85993-2463-49DC-BE50-F19EC3E52268}.Release|Any CPU.Build.0 = Release|Any CPU
		{983C5DC9-A4D4-4936-8297-996FCE11E5E5}.Debug|Any CPU.ActiveCfg = Debug|Any CPU
		{983C5DC9-A4D4-4936-8297-996FCE11E5E5}.Debug|Any CPU.Build.0 = Debug|Any CPU
		{983C5DC9-A4D4-4936-8297-996FCE11E5E5}.Release|Any CPU.ActiveCfg = Release|Any CPU
		{983C5DC9-A4D4-4936-8297-996FCE11E5E5}.Release|Any CPU.Build.0 = Release|Any CPU
		{B2082A23-19BD-41D5-ACE0-430DA9F3E3AF}.Debug|Any CPU.ActiveCfg = Debug|Any CPU
		{B2082A23-19BD-41D5-ACE0-430DA9F3E3AF}.Debug|Any CPU.Build.0 = Debug|Any CPU
		{B2082A23-19BD-41D5-ACE0-430DA9F3E3AF}.Release|Any CPU.ActiveCfg = Release|Any CPU
		{B2082A23-19BD-41D5-ACE0-430DA9F3E3AF}.Release|Any CPU.Build.0 = Release|Any CPU
		{D46F9619-86AD-48E7-96B0-61244E752620}.Debug|Any CPU.ActiveCfg = Debug|Any CPU
		{D46F9619-86AD-48E7-96B0-61244E752620}.Debug|Any CPU.Build.0 = Debug|Any CPU
		{D46F9619-86AD-48E7-96B0-61244E752620}.Release|Any CPU.ActiveCfg = Release|Any CPU
		{D46F9619-86AD-48E7-96B0-61244E752620}.Release|Any CPU.Build.0 = Release|Any CPU
		{C704650D-E670-4620-A104-90332B556CE5}.Debug|Any CPU.ActiveCfg = Debug|Any CPU
		{C704650D-E670-4620-A104-90332B556CE5}.Debug|Any CPU.Build.0 = Debug|Any CPU
		{C704650D-E670-4620-A104-90332B556CE5}.Release|Any CPU.ActiveCfg = Release|Any CPU
		{C704650D-E670-4620-A104-90332B556CE5}.Release|Any CPU.Build.0 = Release|Any CPU
		{0B128940-99A5-4B55-B7F8-96E7CE55DDB8}.Debug|Any CPU.ActiveCfg = Debug|Any CPU
		{0B128940-99A5-4B55-B7F8-96E7CE55DDB8}.Debug|Any CPU.Build.0 = Debug|Any CPU
		{0B128940-99A5-4B55-B7F8-96E7CE55DDB8}.Release|Any CPU.ActiveCfg = Release|Any CPU
		{0B128940-99A5-4B55-B7F8-96E7CE55DDB8}.Release|Any CPU.Build.0 = Release|Any CPU
	EndGlobalSection
	GlobalSection(SolutionProperties) = preSolution
		HideSolutionNode = FALSE
	EndGlobalSection
	GlobalSection(NestedProjects) = preSolution
		{D1110029-CBF4-44C7-9941-39F69D43322F} = {74814F3E-7DEC-44CB-AE81-8A34A387206A}
		{FB23B5A5-9C11-4C6B-9D08-3161B8D00844} = {74814F3E-7DEC-44CB-AE81-8A34A387206A}
		{81B87EBB-F0A0-4048-84AF-17A73677ADB1} = {74814F3E-7DEC-44CB-AE81-8A34A387206A}
		{51C33D22-25AA-4C5E-B483-041F148ECAB6} = {2B9A6A8B-6C27-4931-91F8-5F6F010D6E03}
		{019A7242-EDED-4378-A83B-53E143121827} = {2B9A6A8B-6C27-4931-91F8-5F6F010D6E03}
		{26E82F30-D0F2-4D39-8250-2F6113C107D4} = {2B9A6A8B-6C27-4931-91F8-5F6F010D6E03}
		{1FFA7E09-E165-4E01-957F-C81CDD9FA72B} = {2B9A6A8B-6C27-4931-91F8-5F6F010D6E03}
		{E82AA5CF-9B23-42DA-9439-DA5348CF52A8} = {74814F3E-7DEC-44CB-AE81-8A34A387206A}
		{6449248B-2DDB-4014-8627-77C64446A054} = {2B9A6A8B-6C27-4931-91F8-5F6F010D6E03}
		{D5A85993-2463-49DC-BE50-F19EC3E52268} = {3D428423-DA86-4714-9895-615F745972C5}
		{983C5DC9-A4D4-4936-8297-996FCE11E5E5} = {3D428423-DA86-4714-9895-615F745972C5}
		{B2082A23-19BD-41D5-ACE0-430DA9F3E3AF} = {3D428423-DA86-4714-9895-615F745972C5}
		{D46F9619-86AD-48E7-96B0-61244E752620} = {495FF2F1-64AD-40D3-B8F8-EBACBE97E20E}
		{C704650D-E670-4620-A104-90332B556CE5} = {495FF2F1-64AD-40D3-B8F8-EBACBE97E20E}
		{0B128940-99A5-4B55-B7F8-96E7CE55DDB8} = {63576D9D-AB86-4F18-8A1A-09F2F8219B9E}
	EndGlobalSection
	GlobalSection(ExtensibilityGlobals) = postSolution
		SolutionGuid = {B6B4A113-E111-48F4-9CDD-B6197E160F39}
	EndGlobalSection
EndGlobal
